
Microsoft Visual Studio Solution File, Format Version 12.00
# Visual Studio Version 17
VisualStudioVersion = 17.3.32922.545
MinimumVisualStudioVersion = 10.0.40219.1
Project("{9A19103F-16F7-4668-BE54-9A1E7A4F7556}") = "TraversalCoreProject", "TraversalCoreProject\TraversalCoreProject.csproj", "{0D36E577-4798-4B60-A7AB-741FB2134AB7}"
EndProject
Project("{FAE04EC0-301F-11D3-BF4B-00C04F79EFBC}") = "Entities", "Entities\Entities.csproj", "{21509A2C-5732-48B8-A0DB-EDD673AC076D}"
EndProject
Project("{FAE04EC0-301F-11D3-BF4B-00C04F79EFBC}") = "Business", "Business\Business.csproj", "{F2630DD4-17F4-46B2-ADD9-CDC8E17CE849}"
EndProject
Project("{FAE04EC0-301F-11D3-BF4B-00C04F79EFBC}") = "DataAccess", "DataAccess\DataAccess.csproj", "{78D9DC92-A4EB-4263-8C67-8FF97406CD47}"
EndProject
Project("{FAE04EC0-301F-11D3-BF4B-00C04F79EFBC}") = "Core", "Core\Core.csproj", "{6F0B3AB9-F665-4209-AE91-AFAB5B3B4CF7}"
EndProject
Global
	GlobalSection(SolutionConfigurationPlatforms) = preSolution
		Debug|Any CPU = Debug|Any CPU
		Release|Any CPU = Release|Any CPU
	EndGlobalSection
	GlobalSection(ProjectConfigurationPlatforms) = postSolution
		{0D36E577-4798-4B60-A7AB-741FB2134AB7}.Debug|Any CPU.ActiveCfg = Debug|Any CPU
		{0D36E577-4798-4B60-A7AB-741FB2134AB7}.Debug|Any CPU.Build.0 = Debug|Any CPU
		{0D36E577-4798-4B60-A7AB-741FB2134AB7}.Release|Any CPU.ActiveCfg = Release|Any CPU
		{0D36E577-4798-4B60-A7AB-741FB2134AB7}.Release|Any CPU.Build.0 = Release|Any CPU
		{21509A2C-5732-48B8-A0DB-EDD673AC076D}.Debug|Any CPU.ActiveCfg = Debug|Any CPU
		{21509A2C-5732-48B8-A0DB-EDD673AC076D}.Debug|Any CPU.Build.0 = Debug|Any CPU
		{21509A2C-5732-48B8-A0DB-EDD673AC076D}.Release|Any CPU.ActiveCfg = Release|Any CPU
		{21509A2C-5732-48B8-A0DB-EDD673AC076D}.Release|Any CPU.Build.0 = Release|Any CPU
		{F2630DD4-17F4-46B2-ADD9-CDC8E17CE849}.Debug|Any CPU.ActiveCfg = Debug|Any CPU
		{F2630DD4-17F4-46B2-ADD9-CDC8E17CE849}.Debug|Any CPU.Build.0 = Debug|Any CPU
		{F2630DD4-17F4-46B2-ADD9-CDC8E17CE849}.Release|Any CPU.ActiveCfg = Release|Any CPU
		{F2630DD4-17F4-46B2-ADD9-CDC8E17CE849}.Release|Any CPU.Build.0 = Release|Any CPU
		{78D9DC92-A4EB-4263-8C67-8FF97406CD47}.Debug|Any CPU.ActiveCfg = Debug|Any CPU
		{78D9DC92-A4EB-4263-8C67-8FF97406CD47}.Debug|Any CPU.Build.0 = Debug|Any CPU
		{78D9DC92-A4EB-4263-8C67-8FF97406CD47}.Release|Any CPU.ActiveCfg = Release|Any CPU
		{78D9DC92-A4EB-4263-8C67-8FF97406CD47}.Release|Any CPU.Build.0 = Release|Any CPU
		{6F0B3AB9-F665-4209-AE91-AFAB5B3B4CF7}.Debug|Any CPU.ActiveCfg = Debug|Any CPU
		{6F0B3AB9-F665-4209-AE91-AFAB5B3B4CF7}.Debug|Any CPU.Build.0 = Debug|Any CPU
		{6F0B3AB9-F665-4209-AE91-AFAB5B3B4CF7}.Release|Any CPU.ActiveCfg = Release|Any CPU
		{6F0B3AB9-F665-4209-AE91-AFAB5B3B4CF7}.Release|Any CPU.Build.0 = Release|Any CPU
	EndGlobalSection
	GlobalSection(SolutionProperties) = preSolution
		HideSolutionNode = FALSE
	EndGlobalSection
	GlobalSection(ExtensibilityGlobals) = postSolution
		SolutionGuid = {3B9E02A5-0962-46A0-B19C-A205E8CBC0B0}
	EndGlobalSection
EndGlobal
